// !$*UTF8*$!
{
	archiveVersion = 1;
	classes = {
	};
	objectVersion = 46;
	objects = {

/* Begin PBXBuildFile section */
		8491DD631EC9235000F5D4BE /* AppDelegate.swift in Sources */ = {isa = PBXBuildFile; fileRef = 8491DD621EC9235000F5D4BE /* AppDelegate.swift */; };
		8491DD651EC9235000F5D4BE /* ViewController.swift in Sources */ = {isa = PBXBuildFile; fileRef = 8491DD641EC9235000F5D4BE /* ViewController.swift */; };
		8491DD681EC9235000F5D4BE /* Main.storyboard in Resources */ = {isa = PBXBuildFile; fileRef = 8491DD661EC9235000F5D4BE /* Main.storyboard */; };
		8491DD6A1EC9235000F5D4BE /* Assets.xcassets in Resources */ = {isa = PBXBuildFile; fileRef = 8491DD691EC9235000F5D4BE /* Assets.xcassets */; };
		8491DD6D1EC9235000F5D4BE /* LaunchScreen.storyboard in Resources */ = {isa = PBXBuildFile; fileRef = 8491DD6B1EC9235000F5D4BE /* LaunchScreen.storyboard */; };
		8491DD781EC9235000F5D4BE /* AppTests.swift in Sources */ = {isa = PBXBuildFile; fileRef = 8491DD771EC9235000F5D4BE /* AppTests.swift */; };
		8491DD831EC9235000F5D4BE /* AppUITests.swift in Sources */ = {isa = PBXBuildFile; fileRef = 8491DD821EC9235000F5D4BE /* AppUITests.swift */; };
/* End PBXBuildFile section */

/* Begin PBXContainerItemProxy section */
		8491DD741EC9235000F5D4BE /* PBXContainerItemProxy */ = {
			isa = PBXContainerItemProxy;
			containerPortal = 8491DD571EC9235000F5D4BE /* Project object */;
			proxyType = 1;
			remoteGlobalIDString = 8491DD5E1EC9235000F5D4BE;
			remoteInfo = App;
		};
		8491DD7F1EC9235000F5D4BE /* PBXContainerItemProxy */ = {
			isa = PBXContainerItemProxy;
			containerPortal = 8491DD571EC9235000F5D4BE /* Project object */;
			proxyType = 1;
			remoteGlobalIDString = 8491DD5E1EC9235000F5D4BE;
			remoteInfo = App;
		};
/* End PBXContainerItemProxy section */

/* Begin PBXFileReference section */
		8491DD5F1EC9235000F5D4BE /* App.app */ = {isa = PBXFileReference; explicitFileType = wrapper.application; includeInIndex = 0; path = App.app; sourceTree = BUILT_PRODUCTS_DIR; };
		8491DD621EC9235000F5D4BE /* AppDelegate.swift */ = {isa = PBXFileReference; lastKnownFileType = sourcecode.swift; path = AppDelegate.swift; sourceTree = "<group>"; };
		8491DD641EC9235000F5D4BE /* ViewController.swift */ = {isa = PBXFileReference; lastKnownFileType = sourcecode.swift; path = ViewController.swift; sourceTree = "<group>"; };
		8491DD671EC9235000F5D4BE /* Base */ = {isa = PBXFileReference; lastKnownFileType = file.storyboard; name = Base; path = Base.lproj/Main.storyboard; sourceTree = "<group>"; };
		8491DD691EC9235000F5D4BE /* Assets.xcassets */ = {isa = PBXFileReference; lastKnownFileType = folder.assetcatalog; path = Assets.xcassets; sourceTree = "<group>"; };
		8491DD6C1EC9235000F5D4BE /* Base */ = {isa = PBXFileReference; lastKnownFileType = file.storyboard; name = Base; path = Base.lproj/LaunchScreen.storyboard; sourceTree = "<group>"; };
		8491DD6E1EC9235000F5D4BE /* Info.plist */ = {isa = PBXFileReference; lastKnownFileType = text.plist.xml; path = Info.plist; sourceTree = "<group>"; };
		8491DD731EC9235000F5D4BE /* AppTests.xctest */ = {isa = PBXFileReference; explicitFileType = wrapper.cfbundle; includeInIndex = 0; path = AppTests.xctest; sourceTree = BUILT_PRODUCTS_DIR; };
		8491DD771EC9235000F5D4BE /* AppTests.swift */ = {isa = PBXFileReference; lastKnownFileType = sourcecode.swift; path = AppTests.swift; sourceTree = "<group>"; };
		8491DD791EC9235000F5D4BE /* Info.plist */ = {isa = PBXFileReference; lastKnownFileType = text.plist.xml; path = Info.plist; sourceTree = "<group>"; };
		8491DD7E1EC9235000F5D4BE /* AppUITests.xctest */ = {isa = PBXFileReference; explicitFileType = wrapper.cfbundle; includeInIndex = 0; path = AppUITests.xctest; sourceTree = BUILT_PRODUCTS_DIR; };
		8491DD821EC9235000F5D4BE /* AppUITests.swift */ = {isa = PBXFileReference; lastKnownFileType = sourcecode.swift; path = AppUITests.swift; sourceTree = "<group>"; };
		8491DD841EC9235000F5D4BE /* Info.plist */ = {isa = PBXFileReference; lastKnownFileType = text.plist.xml; path = Info.plist; sourceTree = "<group>"; };
/* End PBXFileReference section */

/* Begin PBXFrameworksBuildPhase section */
		8491DD5C1EC9235000F5D4BE /* Frameworks */ = {
			isa = PBXFrameworksBuildPhase;
			buildActionMask = 2147483647;
			files = (
			);
			runOnlyForDeploymentPostprocessing = 0;
		};
		8491DD701EC9235000F5D4BE /* Frameworks */ = {
			isa = PBXFrameworksBuildPhase;
			buildActionMask = 2147483647;
			files = (
			);
			runOnlyForDeploymentPostprocessing = 0;
		};
		8491DD7B1EC9235000F5D4BE /* Frameworks */ = {
			isa = PBXFrameworksBuildPhase;
			buildActionMask = 2147483647;
			files = (
			);
			runOnlyForDeploymentPostprocessing = 0;
		};
/* End PBXFrameworksBuildPhase section */

/* Begin PBXGroup section */
		8491DD561EC9235000F5D4BE = {
			isa = PBXGroup;
			children = (
				8491DD611EC9235000F5D4BE /* App */,
				8491DD761EC9235000F5D4BE /* AppTests */,
				8491DD811EC9235000F5D4BE /* AppUITests */,
				8491DD601EC9235000F5D4BE /* Products */,
			);
			sourceTree = "<group>";
		};
		8491DD601EC9235000F5D4BE /* Products */ = {
			isa = PBXGroup;
			children = (
				8491DD5F1EC9235000F5D4BE /* App.app */,
				8491DD731EC9235000F5D4BE /* AppTests.xctest */,
				8491DD7E1EC9235000F5D4BE /* AppUITests.xctest */,
			);
			name = Products;
			sourceTree = "<group>";
		};
		8491DD611EC9235000F5D4BE /* App */ = {
			isa = PBXGroup;
			children = (
				8491DD621EC9235000F5D4BE /* AppDelegate.swift */,
				8491DD641EC9235000F5D4BE /* ViewController.swift */,
				8491DD661EC9235000F5D4BE /* Main.storyboard */,
				8491DD691EC9235000F5D4BE /* Assets.xcassets */,
				8491DD6B1EC9235000F5D4BE /* LaunchScreen.storyboard */,
				8491DD6E1EC9235000F5D4BE /* Info.plist */,
			);
			path = App;
			sourceTree = "<group>";
		};
		8491DD761EC9235000F5D4BE /* AppTests */ = {
			isa = PBXGroup;
			children = (
				8491DD771EC9235000F5D4BE /* AppTests.swift */,
				8491DD791EC9235000F5D4BE /* Info.plist */,
			);
			path = AppTests;
			sourceTree = "<group>";
		};
		8491DD811EC9235000F5D4BE /* AppUITests */ = {
			isa = PBXGroup;
			children = (
				8491DD821EC9235000F5D4BE /* AppUITests.swift */,
				8491DD841EC9235000F5D4BE /* Info.plist */,
			);
			path = AppUITests;
			sourceTree = "<group>";
		};
/* End PBXGroup section */

/* Begin PBXNativeTarget section */
		8491DD5E1EC9235000F5D4BE /* App */ = {
			isa = PBXNativeTarget;
			buildConfigurationList = 8491DD871EC9235000F5D4BE /* Build configuration list for PBXNativeTarget "App" */;
			buildPhases = (
				8491DD5B1EC9235000F5D4BE /* Sources */,
				8491DD5C1EC9235000F5D4BE /* Frameworks */,
				8491DD5D1EC9235000F5D4BE /* Resources */,
			);
			buildRules = (
			);
			dependencies = (
			);
			name = App;
			productName = App;
			productReference = 8491DD5F1EC9235000F5D4BE /* App.app */;
			productType = "com.apple.product-type.application";
		};
		8491DD721EC9235000F5D4BE /* AppTests */ = {
			isa = PBXNativeTarget;
			buildConfigurationList = 8491DD8A1EC9235000F5D4BE /* Build configuration list for PBXNativeTarget "AppTests" */;
			buildPhases = (
				8491DD6F1EC9235000F5D4BE /* Sources */,
				8491DD701EC9235000F5D4BE /* Frameworks */,
				8491DD711EC9235000F5D4BE /* Resources */,
			);
			buildRules = (
			);
			dependencies = (
				8491DD751EC9235000F5D4BE /* PBXTargetDependency */,
			);
			name = AppTests;
			productName = AppTests;
			productReference = 8491DD731EC9235000F5D4BE /* AppTests.xctest */;
			productType = "com.apple.product-type.bundle.unit-test";
		};
		8491DD7D1EC9235000F5D4BE /* AppUITests */ = {
			isa = PBXNativeTarget;
			buildConfigurationList = 8491DD8D1EC9235000F5D4BE /* Build configuration list for PBXNativeTarget "AppUITests" */;
			buildPhases = (
				8491DD7A1EC9235000F5D4BE /* Sources */,
				8491DD7B1EC9235000F5D4BE /* Frameworks */,
				8491DD7C1EC9235000F5D4BE /* Resources */,
			);
			buildRules = (
			);
			dependencies = (
				8491DD801EC9235000F5D4BE /* PBXTargetDependency */,
			);
			name = AppUITests;
			productName = AppUITests;
			productReference = 8491DD7E1EC9235000F5D4BE /* AppUITests.xctest */;
			productType = "com.apple.product-type.bundle.ui-testing";
		};
/* End PBXNativeTarget section */

/* Begin PBXProject section */
		8491DD571EC9235000F5D4BE /* Project object */ = {
			isa = PBXProject;
			attributes = {
				LastSwiftUpdateCheck = 0830;
				LastUpgradeCheck = 0830;
				ORGANIZATIONNAME = admin;
				TargetAttributes = {
					8491DD5E1EC9235000F5D4BE = {
						CreatedOnToolsVersion = 8.3.2;
						ProvisioningStyle = Automatic;
					};
					8491DD721EC9235000F5D4BE = {
						CreatedOnToolsVersion = 8.3.2;
						ProvisioningStyle = Automatic;
						TestTargetID = 8491DD5E1EC9235000F5D4BE;
					};
					8491DD7D1EC9235000F5D4BE = {
						CreatedOnToolsVersion = 8.3.2;
						ProvisioningStyle = Automatic;
						TestTargetID = 8491DD5E1EC9235000F5D4BE;
					};
				};
			};
			buildConfigurationList = 8491DD5A1EC9235000F5D4BE /* Build configuration list for PBXProject "App" */;
			compatibilityVersion = "Xcode 3.2";
			developmentRegion = English;
			hasScannedForEncodings = 0;
			knownRegions = (
				en,
				Base,
			);
			mainGroup = 8491DD561EC9235000F5D4BE;
			productRefGroup = 8491DD601EC9235000F5D4BE /* Products */;
			projectDirPath = "";
			projectRoot = "";
			targets = (
				8491DD5E1EC9235000F5D4BE /* App */,
				8491DD721EC9235000F5D4BE /* AppTests */,
				8491DD7D1EC9235000F5D4BE /* AppUITests */,
			);
		};
/* End PBXProject section */

/* Begin PBXResourcesBuildPhase section */
		8491DD5D1EC9235000F5D4BE /* Resources */ = {
			isa = PBXResourcesBuildPhase;
			buildActionMask = 2147483647;
			files = (
				8491DD6D1EC9235000F5D4BE /* LaunchScreen.storyboard in Resources */,
				8491DD6A1EC9235000F5D4BE /* Assets.xcassets in Resources */,
				8491DD681EC9235000F5D4BE /* Main.storyboard in Resources */,
			);
			runOnlyForDeploymentPostprocessing = 0;
		};
		8491DD711EC9235000F5D4BE /* Resources */ = {
			isa = PBXResourcesBuildPhase;
			buildActionMask = 2147483647;
			files = (
			);
			runOnlyForDeploymentPostprocessing = 0;
		};
		8491DD7C1EC9235000F5D4BE /* Resources */ = {
			isa = PBXResourcesBuildPhase;
			buildActionMask = 2147483647;
			files = (
			);
			runOnlyForDeploymentPostprocessing = 0;
		};
/* End PBXResourcesBuildPhase section */

/* Begin PBXSourcesBuildPhase section */
		8491DD5B1EC9235000F5D4BE /* Sources */ = {
			isa = PBXSourcesBuildPhase;
			buildActionMask = 2147483647;
			files = (
				8491DD651EC9235000F5D4BE /* ViewController.swift in Sources */,
				8491DD631EC9235000F5D4BE /* AppDelegate.swift in Sources */,
			);
			runOnlyForDeploymentPostprocessing = 0;
		};
		8491DD6F1EC9235000F5D4BE /* Sources */ = {
			isa = PBXSourcesBuildPhase;
			buildActionMask = 2147483647;
			files = (
				8491DD781EC9235000F5D4BE /* AppTests.swift in Sources */,
			);
			runOnlyForDeploymentPostprocessing = 0;
		};
		8491DD7A1EC9235000F5D4BE /* Sources */ = {
			isa = PBXSourcesBuildPhase;
			buildActionMask = 2147483647;
			files = (
				8491DD831EC9235000F5D4BE /* AppUITests.swift in Sources */,
			);
			runOnlyForDeploymentPostprocessing = 0;
		};
/* End PBXSourcesBuildPhase section */

/* Begin PBXTargetDependency section */
		8491DD751EC9235000F5D4BE /* PBXTargetDependency */ = {
			isa = PBXTargetDependency;
			target = 8491DD5E1EC9235000F5D4BE /* App */;
			targetProxy = 8491DD741EC9235000F5D4BE /* PBXContainerItemProxy */;
		};
		8491DD801EC9235000F5D4BE /* PBXTargetDependency */ = {
			isa = PBXTargetDependency;
			target = 8491DD5E1EC9235000F5D4BE /* App */;
			targetProxy = 8491DD7F1EC9235000F5D4BE /* PBXContainerItemProxy */;
		};
/* End PBXTargetDependency section */

/* Begin PBXVariantGroup section */
		8491DD661EC9235000F5D4BE /* Main.storyboard */ = {
			isa = PBXVariantGroup;
			children = (
				8491DD671EC9235000F5D4BE /* Base */,
			);
			name = Main.storyboard;
			sourceTree = "<group>";
		};
		8491DD6B1EC9235000F5D4BE /* LaunchScreen.storyboard */ = {
			isa = PBXVariantGroup;
			children = (
				8491DD6C1EC9235000F5D4BE /* Base */,
			);
			name = LaunchScreen.storyboard;
			sourceTree = "<group>";
		};
/* End PBXVariantGroup section */

/* Begin XCBuildConfiguration section */
		8491DD851EC9235000F5D4BE /* Debug */ = {
			isa = XCBuildConfiguration;
			buildSettings = {
				ALWAYS_SEARCH_USER_PATHS = NO;
				CLANG_ANALYZER_NONNULL = YES;
				CLANG_ANALYZER_NUMBER_OBJECT_CONVERSION = YES_AGGRESSIVE;
				CLANG_CXX_LANGUAGE_STANDARD = "gnu++0x";
				CLANG_CXX_LIBRARY = "libc++";
				CLANG_ENABLE_MODULES = YES;
				CLANG_ENABLE_OBJC_ARC = YES;
				CLANG_WARN_BOOL_CONVERSION = YES;
				CLANG_WARN_CONSTANT_CONVERSION = YES;
				CLANG_WARN_DIRECT_OBJC_ISA_USAGE = YES_ERROR;
				CLANG_WARN_DOCUMENTATION_COMMENTS = YES;
				CLANG_WARN_EMPTY_BODY = YES;
				CLANG_WARN_ENUM_CONVERSION = YES;
				CLANG_WARN_INFINITE_RECURSION = YES;
				CLANG_WARN_INT_CONVERSION = YES;
				CLANG_WARN_OBJC_ROOT_CLASS = YES_ERROR;
				CLANG_WARN_SUSPICIOUS_MOVE = YES;
				CLANG_WARN_UNREACHABLE_CODE = YES;
				CLANG_WARN__DUPLICATE_METHOD_MATCH = YES;
				"CODE_SIGN_IDENTITY[sdk=iphoneos*]" = "iPhone Developer";
				COPY_PHASE_STRIP = NO;
				DEBUG_INFORMATION_FORMAT = dwarf;
				ENABLE_STRICT_OBJC_MSGSEND = YES;
				ENABLE_TESTABILITY = YES;
				GCC_C_LANGUAGE_STANDARD = gnu99;
				GCC_DYNAMIC_NO_PIC = NO;
				GCC_NO_COMMON_BLOCKS = YES;
				GCC_OPTIMIZATION_LEVEL = 0;
				GCC_PREPROCESSOR_DEFINITIONS = (
					"DEBUG=1",
					"$(inherited)",
				);
				GCC_WARN_64_TO_32_BIT_CONVERSION = YES;
				GCC_WARN_ABOUT_RETURN_TYPE = YES_ERROR;
				GCC_WARN_UNDECLARED_SELECTOR = YES;
				GCC_WARN_UNINITIALIZED_AUTOS = YES_AGGRESSIVE;
				GCC_WARN_UNUSED_FUNCTION = YES;
				GCC_WARN_UNUSED_VARIABLE = YES;
				IPHONEOS_DEPLOYMENT_TARGET = 10.3;
				MTL_ENABLE_DEBUG_INFO = YES;
				ONLY_ACTIVE_ARCH = YES;
				SDKROOT = iphoneos;
				SWIFT_ACTIVE_COMPILATION_CONDITIONS = DEBUG;
				SWIFT_OPTIMIZATION_LEVEL = "-Onone";
				TARGETED_DEVICE_FAMILY = "1,2";
			};
			name = Debug;
		};
		8491DD861EC9235000F5D4BE /* Release */ = {
			isa = XCBuildConfiguration;
			buildSettings = {
				ALWAYS_SEARCH_USER_PATHS = NO;
				CLANG_ANALYZER_NONNULL = YES;
				CLANG_ANALYZER_NUMBER_OBJECT_CONVERSION = YES_AGGRESSIVE;
				CLANG_CXX_LANGUAGE_STANDARD = "gnu++0x";
				CLANG_CXX_LIBRARY = "libc++";
				CLANG_ENABLE_MODULES = YES;
				CLANG_ENABLE_OBJC_ARC = YES;
				CLANG_WARN_BOOL_CONVERSION = YES;
				CLANG_WARN_CONSTANT_CONVERSION = YES;
				CLANG_WARN_DIRECT_OBJC_ISA_USAGE = YES_ERROR;
				CLANG_WARN_DOCUMENTATION_COMMENTS = YES;
				CLANG_WARN_EMPTY_BODY = YES;
				CLANG_WARN_ENUM_CONVERSION = YES;
				CLANG_WARN_INFINITE_RECURSION = YES;
				CLANG_WARN_INT_CONVERSION = YES;
				CLANG_WARN_OBJC_ROOT_CLASS = YES_ERROR;
				CLANG_WARN_SUSPICIOUS_MOVE = YES;
				CLANG_WARN_UNREACHABLE_CODE = YES;
				CLANG_WARN__DUPLICATE_METHOD_MATCH = YES;
				"CODE_SIGN_IDENTITY[sdk=iphoneos*]" = "iPhone Developer";
				COPY_PHASE_STRIP = NO;
				DEBUG_INFORMATION_FORMAT = "dwarf-with-dsym";
				ENABLE_NS_ASSERTIONS = NO;
				ENABLE_STRICT_OBJC_MSGSEND = YES;
				GCC_C_LANGUAGE_STANDARD = gnu99;
				GCC_NO_COMMON_BLOCKS = YES;
				GCC_WARN_64_TO_32_BIT_CONVERSION = YES;
				GCC_WARN_ABOUT_RETURN_TYPE = YES_ERROR;
				GCC_WARN_UNDECLARED_SELECTOR = YES;
				GCC_WARN_UNINITIALIZED_AUTOS = YES_AGGRESSIVE;
				GCC_WARN_UNUSED_FUNCTION = YES;
				GCC_WARN_UNUSED_VARIABLE = YES;
				IPHONEOS_DEPLOYMENT_TARGET = 10.3;
				MTL_ENABLE_DEBUG_INFO = NO;
				SDKROOT = iphoneos;
				SWIFT_OPTIMIZATION_LEVEL = "-Owholemodule";
				TARGETED_DEVICE_FAMILY = "1,2";
				VALIDATE_PRODUCT = YES;
			};
			name = Release;
		};
		8491DD881EC9235000F5D4BE /* Debug */ = {
			isa = XCBuildConfiguration;
			buildSettings = {
				ASSETCATALOG_COMPILER_APPICON_NAME = AppIcon;
				INFOPLIST_FILE = App/Info.plist;
				LD_RUNPATH_SEARCH_PATHS = "$(inherited) @executable_path/Frameworks";
				PRODUCT_BUNDLE_IDENTIFIER = Edin.App;
				PRODUCT_NAME = "$(TARGET_NAME)";
				SWIFT_VERSION = 3.0;
			};
			name = Debug;
		};
		8491DD891EC9235000F5D4BE /* Release */ = {
			isa = XCBuildConfiguration;
			buildSettings = {
				ASSETCATALOG_COMPILER_APPICON_NAME = AppIcon;
				INFOPLIST_FILE = App/Info.plist;
				LD_RUNPATH_SEARCH_PATHS = "$(inherited) @executable_path/Frameworks";
				PRODUCT_BUNDLE_IDENTIFIER = Edin.App;
				PRODUCT_NAME = "$(TARGET_NAME)";
				SWIFT_VERSION = 3.0;
			};
			name = Release;
		};
		8491DD8B1EC9235000F5D4BE /* Debug */ = {
			isa = XCBuildConfiguration;
			buildSettings = {
				ALWAYS_EMBED_SWIFT_STANDARD_LIBRARIES = YES;
				BUNDLE_LOADER = "$(TEST_HOST)";
				INFOPLIST_FILE = AppTests/Info.plist;
				LD_RUNPATH_SEARCH_PATHS = "$(inherited) @executable_path/Frameworks @loader_path/Frameworks";
				PRODUCT_BUNDLE_IDENTIFIER = Edin.AppTests;
				PRODUCT_NAME = "$(TARGET_NAME)";
				SWIFT_VERSION = 3.0;
				TEST_HOST = "$(BUILT_PRODUCTS_DIR)/App.app/App";
			};
			name = Debug;
		};
		8491DD8C1EC9235000F5D4BE /* Release */ = {
			isa = XCBuildConfiguration;
			buildSettings = {
				ALWAYS_EMBED_SWIFT_STANDARD_LIBRARIES = YES;
				BUNDLE_LOADER = "$(TEST_HOST)";
				INFOPLIST_FILE = AppTests/Info.plist;
				LD_RUNPATH_SEARCH_PATHS = "$(inherited) @executable_path/Frameworks @loader_path/Frameworks";
				PRODUCT_BUNDLE_IDENTIFIER = Edin.AppTests;
				PRODUCT_NAME = "$(TARGET_NAME)";
				SWIFT_VERSION = 3.0;
				TEST_HOST = "$(BUILT_PRODUCTS_DIR)/App.app/App";
			};
			name = Release;
		};
		8491DD8E1EC9235000F5D4BE /* Debug */ = {
			isa = XCBuildConfiguration;
			buildSettings = {
				ALWAYS_EMBED_SWIFT_STANDARD_LIBRARIES = YES;
				INFOPLIST_FILE = AppUITests/Info.plist;
				LD_RUNPATH_SEARCH_PATHS = "$(inherited) @executable_path/Frameworks @loader_path/Frameworks";
				PRODUCT_BUNDLE_IDENTIFIER = Edin.AppUITests;
				PRODUCT_NAME = "$(TARGET_NAME)";
				SWIFT_VERSION = 3.0;
				TEST_TARGET_NAME = App;
			};
			name = Debug;
		};
		8491DD8F1EC9235000F5D4BE /* Release */ = {
			isa = XCBuildConfiguration;
			buildSettings = {
				ALWAYS_EMBED_SWIFT_STANDARD_LIBRARIES = YES;
				INFOPLIST_FILE = AppUITests/Info.plist;
				LD_RUNPATH_SEARCH_PATHS = "$(inherited) @executable_path/Frameworks @loader_path/Frameworks";
				PRODUCT_BUNDLE_IDENTIFIER = Edin.AppUITests;
				PRODUCT_NAME = "$(TARGET_NAME)";
				SWIFT_VERSION = 3.0;
				TEST_TARGET_NAME = App;
			};
			name = Release;
		};
/* End XCBuildConfiguration section */

/* Begin XCConfigurationList section */
		8491DD5A1EC9235000F5D4BE /* Build configuration list for PBXProject "App" */ = {
			isa = XCConfigurationList;
			buildConfigurations = (
				8491DD851EC9235000F5D4BE /* Debug */,
				8491DD861EC9235000F5D4BE /* Release */,
			);
			defaultConfigurationIsVisible = 0;
			defaultConfigurationName = Release;
		};
		8491DD871EC9235000F5D4BE /* Build configuration list for PBXNativeTarget "App" */ = {
			isa = XCConfigurationList;
			buildConfigurations = (
				8491DD881EC9235000F5D4BE /* Debug */,
				8491DD891EC9235000F5D4BE /* Release */,
			);
			defaultConfigurationIsVisible = 0;
		};
		8491DD8A1EC9235000F5D4BE /* Build configuration list for PBXNativeTarget "AppTests" */ = {
			isa = XCConfigurationList;
			buildConfigurations = (
				8491DD8B1EC9235000F5D4BE /* Debug */,
				8491DD8C1EC9235000F5D4BE /* Release */,
			);
			defaultConfigurationIsVisible = 0;
		};
		8491DD8D1EC9235000F5D4BE /* Build configuration list for PBXNativeTarget "AppUITests" */ = {
			isa = XCConfigurationList;
			buildConfigurations = (
				8491DD8E1EC9235000F5D4BE /* Debug */,
				8491DD8F1EC9235000F5D4BE /* Release */,
			);
			defaultConfigurationIsVisible = 0;
		};
/* End XCConfigurationList section */
	};
	rootObject = 8491DD571EC9235000F5D4BE /* Project object */;
}
